
Microsoft Visual Studio Solution File, Format Version 11.00
# Visual Studio 2010
Project("{FAE04EC0-301F-11D3-BF4B-00C04F79EFBC}") = "NativeCodeBuilder", "NativeCodeBuilder\NativeCodeBuilder.csproj", "{7864B82E-0706-4D6B-94AC-A1602801F3B4}"
EndProject
Global
	GlobalSection(SolutionConfigurationPlatforms) = preSolution
		Debug|Any CPU = Debug|Any CPU
		Release|Any CPU = Release|Any CPU
	EndGlobalSection
	GlobalSection(ProjectConfigurationPlatforms) = postSolution
		{7864B82E-0706-4D6B-94AC-A1602801F3B4}.Debug|Any CPU.ActiveCfg = Debug|Any CPU
		{7864B82E-0706-4D6B-94AC-A1602801F3B4}.Debug|Any CPU.Build.0 = Debug|Any CPU
		{7864B82E-0706-4D6B-94AC-A1602801F3B4}.Release|Any CPU.ActiveCfg = Release|Any CPU
		{7864B82E-0706-4D6B-94AC-A1602801F3B4}.Release|Any CPU.Build.0 = Release|Any CPU
	EndGlobalSection
	GlobalSection(MonoDevelopProperties) = preSolution
		StartupItem = NativeCodeBuilder\NativeCodeBuilder.csproj
	EndGlobalSection
EndGlobal
